
Microsoft Visual Studio Solution File, Format Version 12.00
# Visual Studio 2015
Project("{FAE04EC0-301F-11D3-BF4B-00C04F79EFBC}") = "T-Bag Simulator", "T-Bag Simulator.csproj", "{B76667B9-BA9B-2E7B-5478-6CA0D04BC4E0}"
EndProject
Global
	GlobalSection(SolutionConfigurationPlatforms) = preSolution
		Debug|Any CPU = Debug|Any CPU
		Release|Any CPU = Release|Any CPU
	EndGlobalSection
	GlobalSection(ProjectConfigurationPlatforms) = postSolution
		{B76667B9-BA9B-2E7B-5478-6CA0D04BC4E0}.Debug|Any CPU.ActiveCfg = Debug|Any CPU
		{B76667B9-BA9B-2E7B-5478-6CA0D04BC4E0}.Debug|Any CPU.Build.0 = Debug|Any CPU
		{B76667B9-BA9B-2E7B-5478-6CA0D04BC4E0}.Release|Any CPU.ActiveCfg = Release|Any CPU
		{B76667B9-BA9B-2E7B-5478-6CA0D04BC4E0}.Release|Any CPU.Build.0 = Release|Any CPU
	EndGlobalSection
	GlobalSection(SolutionProperties) = preSolution
		HideSolutionNode = FALSE
	EndGlobalSection
EndGlobal
